
Microsoft Visual Studio Solution File, Format Version 12.00
# Visual Studio Version 17
VisualStudioVersion = 17.5.33530.505
MinimumVisualStudioVersion = 10.0.40219.1
Project("{FAE04EC0-301F-11D3-BF4B-00C04F79EFBC}") = "Messenger", "Messenger\Messenger.csproj", "{722D4B1A-D19D-4D2A-81B5-10D8188A39E6}"
EndProject
Global
	GlobalSection(SolutionConfigurationPlatforms) = preSolution
		Debug|Any CPU = Debug|Any CPU
		Release|Any CPU = Release|Any CPU
	EndGlobalSection
	GlobalSection(ProjectConfigurationPlatforms) = postSolution
		{722D4B1A-D19D-4D2A-81B5-10D8188A39E6}.Debug|Any CPU.ActiveCfg = Debug|Any CPU
		{722D4B1A-D19D-4D2A-81B5-10D8188A39E6}.Debug|Any CPU.Build.0 = Debug|Any CPU
		{722D4B1A-D19D-4D2A-81B5-10D8188A39E6}.Release|Any CPU.ActiveCfg = Release|Any CPU
		{722D4B1A-D19D-4D2A-81B5-10D8188A39E6}.Release|Any CPU.Build.0 = Release|Any CPU
	EndGlobalSection
	GlobalSection(SolutionProperties) = preSolution
		HideSolutionNode = FALSE
	EndGlobalSection
	GlobalSection(ExtensibilityGlobals) = postSolution
		SolutionGuid = {E3FE22AB-2E53-4055-B775-45C6EFD87671}
	EndGlobalSection
EndGlobal
